
Microsoft Visual Studio Solution File, Format Version 12.00
# Visual Studio 15
VisualStudioVersion = 15.0.27703.2042
MinimumVisualStudioVersion = 10.0.40219.1
Project("{FAE04EC0-301F-11D3-BF4B-00C04F79EFBC}") = "STOK PROJE EKLEME", "STOK PROJE EKLEME\STOK PROJE EKLEME.csproj", "{1DAD29D7-B789-487F-B11A-BA8416FE9490}"
EndProject
Global
	GlobalSection(SolutionConfigurationPlatforms) = preSolution
		Debug|Any CPU = Debug|Any CPU
		Release|Any CPU = Release|Any CPU
	EndGlobalSection
	GlobalSection(ProjectConfigurationPlatforms) = postSolution
		{1DAD29D7-B789-487F-B11A-BA8416FE9490}.Debug|Any CPU.ActiveCfg = Debug|Any CPU
		{1DAD29D7-B789-487F-B11A-BA8416FE9490}.Debug|Any CPU.Build.0 = Debug|Any CPU
		{1DAD29D7-B789-487F-B11A-BA8416FE9490}.Release|Any CPU.ActiveCfg = Release|Any CPU
		{1DAD29D7-B789-487F-B11A-BA8416FE9490}.Release|Any CPU.Build.0 = Release|Any CPU
	EndGlobalSection
	GlobalSection(SolutionProperties) = preSolution
		HideSolutionNode = FALSE
	EndGlobalSection
	GlobalSection(ExtensibilityGlobals) = postSolution
		SolutionGuid = {6C02A9B6-2AA9-483A-AC97-2B481CF6E8F3}
	EndGlobalSection
EndGlobal
